
Microsoft Visual Studio Solution File, Format Version 12.00
# Visual Studio Version 17
VisualStudioVersion = 17.10.35013.160
MinimumVisualStudioVersion = 10.0.40219.1
Project("{FAE04EC0-301F-11D3-BF4B-00C04F79EFBC}") = "ChallengeLab_10.2", "ChallengeLab_10.2\ChallengeLab_10.2.csproj", "{1084983D-A6A5-4F51-99D2-C365F6FAFBE6}"
EndProject
Global
	GlobalSection(SolutionConfigurationPlatforms) = preSolution
		Debug|Any CPU = Debug|Any CPU
		Release|Any CPU = Release|Any CPU
	EndGlobalSection
	GlobalSection(ProjectConfigurationPlatforms) = postSolution
		{1084983D-A6A5-4F51-99D2-C365F6FAFBE6}.Debug|Any CPU.ActiveCfg = Debug|Any CPU
		{1084983D-A6A5-4F51-99D2-C365F6FAFBE6}.Debug|Any CPU.Build.0 = Debug|Any CPU
		{1084983D-A6A5-4F51-99D2-C365F6FAFBE6}.Release|Any CPU.ActiveCfg = Release|Any CPU
		{1084983D-A6A5-4F51-99D2-C365F6FAFBE6}.Release|Any CPU.Build.0 = Release|Any CPU
	EndGlobalSection
	GlobalSection(SolutionProperties) = preSolution
		HideSolutionNode = FALSE
	EndGlobalSection
	GlobalSection(ExtensibilityGlobals) = postSolution
		SolutionGuid = {B87E8F9E-2A9E-4749-847C-EEE5DDBD1B09}
	EndGlobalSection
EndGlobal
